
Microsoft Visual Studio Solution File, Format Version 12.00
# Visual Studio 15
VisualStudioVersion = 15.0.27703.2042
MinimumVisualStudioVersion = 10.0.40219.1
Project("{FAE04EC0-301F-11D3-BF4B-00C04F79EFBC}") = "DigitalInspectionNetCore21", "DigitalInspectionNetCore21\DigitalInspectionNetCore21.csproj", "{37B114C0-26A7-42B4-AEF9-3E1DFA2E90E2}"
EndProject
Global
	GlobalSection(SolutionConfigurationPlatforms) = preSolution
		Debug|Any CPU = Debug|Any CPU
		Release|Any CPU = Release|Any CPU
	EndGlobalSection
	GlobalSection(ProjectConfigurationPlatforms) = postSolution
		{37B114C0-26A7-42B4-AEF9-3E1DFA2E90E2}.Debug|Any CPU.ActiveCfg = Debug|Any CPU
		{37B114C0-26A7-42B4-AEF9-3E1DFA2E90E2}.Debug|Any CPU.Build.0 = Debug|Any CPU
		{37B114C0-26A7-42B4-AEF9-3E1DFA2E90E2}.Release|Any CPU.ActiveCfg = Release|Any CPU
		{37B114C0-26A7-42B4-AEF9-3E1DFA2E90E2}.Release|Any CPU.Build.0 = Release|Any CPU
	EndGlobalSection
	GlobalSection(SolutionProperties) = preSolution
		HideSolutionNode = FALSE
	EndGlobalSection
	GlobalSection(ExtensibilityGlobals) = postSolution
		SolutionGuid = {1AC3B5D1-236E-470C-801C-87EB4944A279}
	EndGlobalSection
EndGlobal
